
Microsoft Visual Studio Solution File, Format Version 12.00
# Visual Studio Version 17
VisualStudioVersion = 17.11.35327.3
MinimumVisualStudioVersion = 10.0.40219.1
Project("{9A19103F-16F7-4668-BE54-9A1E7A4F7556}") = "BankingSystem.API", "BankingSystem.API\BankingSystem.API.csproj", "{E7329D34-554E-4F30-BD3A-6D34817C17F0}"
EndProject
Project("{9A19103F-16F7-4668-BE54-9A1E7A4F7556}") = "BankingSystem.Contracts", "BankingSystem.Contracts\BankingSystem.Contracts.csproj", "{EA6D3029-53A6-4FB6-8034-68B7B62C0F09}"
EndProject
Project("{9A19103F-16F7-4668-BE54-9A1E7A4F7556}") = "BankingSystem.Application", "BankingSystem.Application\BankingSystem.Application.csproj", "{976BE08F-ED5F-48F0-AF19-40306020BACA}"
EndProject
Project("{9A19103F-16F7-4668-BE54-9A1E7A4F7556}") = "BankingSystem.Domain", "BankingSystem.Domain\BankingSystem.Domain.csproj", "{FCA075EB-3A5A-41EE-BB3E-5777C8A1A1C1}"
EndProject
Project("{9A19103F-16F7-4668-BE54-9A1E7A4F7556}") = "BankingSystem.Infrastructure", "BankingSystem.Infrastructure\BankingSystem.Infrastructure.csproj", "{B128A8FC-E68F-4945-8D17-A9B68339A8AC}"
EndProject
Project("{2150E333-8FDC-42A3-9474-1A3956D46DE8}") = "Solution Items", "Solution Items", "{971830EC-BCDB-4E4D-B78F-A73531AFF82E}"
	ProjectSection(SolutionItems) = preProject
		.gitignore = .gitignore
	EndProjectSection
EndProject
Project("{9A19103F-16F7-4668-BE54-9A1E7A4F7556}") = "BankingSystem.UnitTests", "BankingSystem.UnitTests\BankingSystem.UnitTests.csproj", "{4B1E1868-CAC7-4995-9E51-76A2C40EEA97}"
EndProject
Project("{FAE04EC0-301F-11D3-BF4B-00C04F79EFBC}") = "DbCreation", "DbCreation\DbCreation.csproj", "{FD325FC7-5408-4974-AE7F-E87FEE5C3333}"
EndProject
Global
	GlobalSection(SolutionConfigurationPlatforms) = preSolution
		Debug|Any CPU = Debug|Any CPU
		Release|Any CPU = Release|Any CPU
	EndGlobalSection
	GlobalSection(ProjectConfigurationPlatforms) = postSolution
		{E7329D34-554E-4F30-BD3A-6D34817C17F0}.Debug|Any CPU.ActiveCfg = Debug|Any CPU
		{E7329D34-554E-4F30-BD3A-6D34817C17F0}.Debug|Any CPU.Build.0 = Debug|Any CPU
		{E7329D34-554E-4F30-BD3A-6D34817C17F0}.Release|Any CPU.ActiveCfg = Release|Any CPU
		{E7329D34-554E-4F30-BD3A-6D34817C17F0}.Release|Any CPU.Build.0 = Release|Any CPU
		{EA6D3029-53A6-4FB6-8034-68B7B62C0F09}.Debug|Any CPU.ActiveCfg = Debug|Any CPU
		{EA6D3029-53A6-4FB6-8034-68B7B62C0F09}.Debug|Any CPU.Build.0 = Debug|Any CPU
		{EA6D3029-53A6-4FB6-8034-68B7B62C0F09}.Release|Any CPU.ActiveCfg = Release|Any CPU
		{EA6D3029-53A6-4FB6-8034-68B7B62C0F09}.Release|Any CPU.Build.0 = Release|Any CPU
		{976BE08F-ED5F-48F0-AF19-40306020BACA}.Debug|Any CPU.ActiveCfg = Debug|Any CPU
		{976BE08F-ED5F-48F0-AF19-40306020BACA}.Debug|Any CPU.Build.0 = Debug|Any CPU
		{976BE08F-ED5F-48F0-AF19-40306020BACA}.Release|Any CPU.ActiveCfg = Release|Any CPU
		{976BE08F-ED5F-48F0-AF19-40306020BACA}.Release|Any CPU.Build.0 = Release|Any CPU
		{FCA075EB-3A5A-41EE-BB3E-5777C8A1A1C1}.Debug|Any CPU.ActiveCfg = Debug|Any CPU
		{FCA075EB-3A5A-41EE-BB3E-5777C8A1A1C1}.Debug|Any CPU.Build.0 = Debug|Any CPU
		{FCA075EB-3A5A-41EE-BB3E-5777C8A1A1C1}.Release|Any CPU.ActiveCfg = Release|Any CPU
		{FCA075EB-3A5A-41EE-BB3E-5777C8A1A1C1}.Release|Any CPU.Build.0 = Release|Any CPU
		{B128A8FC-E68F-4945-8D17-A9B68339A8AC}.Debug|Any CPU.ActiveCfg = Debug|Any CPU
		{B128A8FC-E68F-4945-8D17-A9B68339A8AC}.Debug|Any CPU.Build.0 = Debug|Any CPU
		{B128A8FC-E68F-4945-8D17-A9B68339A8AC}.Release|Any CPU.ActiveCfg = Release|Any CPU
		{B128A8FC-E68F-4945-8D17-A9B68339A8AC}.Release|Any CPU.Build.0 = Release|Any CPU
		{4B1E1868-CAC7-4995-9E51-76A2C40EEA97}.Debug|Any CPU.ActiveCfg = Debug|Any CPU
		{4B1E1868-CAC7-4995-9E51-76A2C40EEA97}.Debug|Any CPU.Build.0 = Debug|Any CPU
		{4B1E1868-CAC7-4995-9E51-76A2C40EEA97}.Release|Any CPU.ActiveCfg = Release|Any CPU
		{4B1E1868-CAC7-4995-9E51-76A2C40EEA97}.Release|Any CPU.Build.0 = Release|Any CPU
		{FD325FC7-5408-4974-AE7F-E87FEE5C3333}.Debug|Any CPU.ActiveCfg = Debug|Any CPU
		{FD325FC7-5408-4974-AE7F-E87FEE5C3333}.Debug|Any CPU.Build.0 = Debug|Any CPU
		{FD325FC7-5408-4974-AE7F-E87FEE5C3333}.Release|Any CPU.ActiveCfg = Release|Any CPU
		{FD325FC7-5408-4974-AE7F-E87FEE5C3333}.Release|Any CPU.Build.0 = Release|Any CPU
	EndGlobalSection
	GlobalSection(SolutionProperties) = preSolution
		HideSolutionNode = FALSE
	EndGlobalSection
	GlobalSection(ExtensibilityGlobals) = postSolution
		SolutionGuid = {821EED64-030D-4795-AF3C-8D7C1F13E59B}
	EndGlobalSection
EndGlobal
